
Microsoft Visual Studio Solution File, Format Version 12.00
# Visual Studio Version 16
VisualStudioVersion = 16.0.31005.135
MinimumVisualStudioVersion = 10.0.40219.1
Project("{FAE04EC0-301F-11D3-BF4B-00C04F79EFBC}") = "PlantDbConv", "PlantDbConv\PlantDbConv.csproj", "{13644534-FC3F-4FC8-92C8-529E865FCA70}"
EndProject
Project("{FAE04EC0-301F-11D3-BF4B-00C04F79EFBC}") = "PlantGenPdf", "PlantGenPdf\PlantGenPdf.csproj", "{3F73425F-C16B-4A35-889A-40C0A9FFD506}"
EndProject
Global
	GlobalSection(SolutionConfigurationPlatforms) = preSolution
		Debug|Any CPU = Debug|Any CPU
		Release|Any CPU = Release|Any CPU
	EndGlobalSection
	GlobalSection(ProjectConfigurationPlatforms) = postSolution
		{13644534-FC3F-4FC8-92C8-529E865FCA70}.Debug|Any CPU.ActiveCfg = Debug|Any CPU
		{13644534-FC3F-4FC8-92C8-529E865FCA70}.Debug|Any CPU.Build.0 = Debug|Any CPU
		{13644534-FC3F-4FC8-92C8-529E865FCA70}.Release|Any CPU.ActiveCfg = Release|Any CPU
		{13644534-FC3F-4FC8-92C8-529E865FCA70}.Release|Any CPU.Build.0 = Release|Any CPU
		{3F73425F-C16B-4A35-889A-40C0A9FFD506}.Debug|Any CPU.ActiveCfg = Debug|Any CPU
		{3F73425F-C16B-4A35-889A-40C0A9FFD506}.Debug|Any CPU.Build.0 = Debug|Any CPU
		{3F73425F-C16B-4A35-889A-40C0A9FFD506}.Release|Any CPU.ActiveCfg = Release|Any CPU
		{3F73425F-C16B-4A35-889A-40C0A9FFD506}.Release|Any CPU.Build.0 = Release|Any CPU
	EndGlobalSection
	GlobalSection(SolutionProperties) = preSolution
		HideSolutionNode = FALSE
	EndGlobalSection
	GlobalSection(ExtensibilityGlobals) = postSolution
		SolutionGuid = {01D49AFD-F0F2-4AC0-89A6-31FC26370500}
	EndGlobalSection
EndGlobal
